{
  "bin/bundle:247448467": [
    [64, 5, 20, "ThreadSafety/ClassInstanceVariable: Avoid class instance variables.", 2485198147]
  ],
  "lib/silent_stream.rb:731940086": [
    [16, 3, 165, "Style/ClassMethodsDefinitions: Use `class << self` to define a class method.", 2295567404],
    [40, 26, 6, "Style/GlobalStdStream: Use `$stdout` instead of `STDOUT`.", 3356722952],
    [75, 22, 6, "Style/GlobalStdStream: Use `$stderr` instead of `STDERR`.", 3356712163],
    [91, 7, 102, "Lint/RescueException: Avoid rescuing the `Exception` class. Perhaps you meant to rescue `StandardError`?", 1454146794],
    [121, 19, 4, "Security/Eval: The use of `eval` is a serious security risk.", 2087429787],
    [144, 22, 6, "Style/GlobalStdStream: Use `$stdout` instead of `STDOUT`.", 3356722952],
    [145, 24, 6, "Style/GlobalStdStream: Use `$stderr` instead of `STDERR`.", 3356712163]
  ],
  "silent_stream.gemspec:584336129": [
    [116, 3, 53, "Gemspec/DependencyVersion: Dependency version specification is required.", 2976601152],
    [117, 3, 40, "Gemspec/DependencyVersion: Dependency version specification is required.", 2300588954]
  ],
  "tests/test_silent_stream.rb:778510946": [
    [33, 19, 4, "Security/Eval: The use of `eval` is a serious security risk.", 2087429787],
    [67, 25, 6, "Style/GlobalStdStream: Use `$stdout` instead of `STDOUT`.", 3356722952],
    [74, 25, 6, "Style/GlobalStdStream: Use `$stdout` instead of `STDOUT`.", 3356722952],
    [79, 27, 6, "Style/GlobalStdStream: Use `$stdout` instead of `STDOUT`.", 3356722952],
    [80, 28, 6, "Style/GlobalStdStream: Use `$stdout` instead of `STDOUT`.", 3356722952],
    [80, 38, 6, "Style/GlobalStdStream: Use `$stdout` instead of `STDOUT`.", 3356722952],
    [81, 39, 6, "Style/GlobalStdStream: Use `$stdout` instead of `STDOUT`.", 3356722952],
    [96, 27, 6, "Style/GlobalStdStream: Use `$stdout` instead of `STDOUT`.", 3356722952],
    [97, 27, 6, "Style/GlobalStdStream: Use `$stderr` instead of `STDERR`.", 3356712163],
    [102, 39, 6, "Style/GlobalStdStream: Use `$stdout` instead of `STDOUT`.", 3356722952],
    [103, 39, 6, "Style/GlobalStdStream: Use `$stderr` instead of `STDERR`.", 3356712163]
  ]
}
